
Microsoft Visual Studio Solution File, Format Version 12.00
# Visual Studio Version 17
VisualStudioVersion = 17.7.34031.279
MinimumVisualStudioVersion = 10.0.40219.1
Project("{9A19103F-16F7-4668-BE54-9A1E7A4F7556}") = "CalculatorWithC#", "CalculatorWithC#\CalculatorWithC#.csproj", "{03DC9273-6368-4ECC-B819-29298874B297}"
EndProject
Global
	GlobalSection(SolutionConfigurationPlatforms) = preSolution
		Debug|Any CPU = Debug|Any CPU
		Release|Any CPU = Release|Any CPU
	EndGlobalSection
	GlobalSection(ProjectConfigurationPlatforms) = postSolution
		{03DC9273-6368-4ECC-B819-29298874B297}.Debug|Any CPU.ActiveCfg = Debug|Any CPU
		{03DC9273-6368-4ECC-B819-29298874B297}.Debug|Any CPU.Build.0 = Debug|Any CPU
		{03DC9273-6368-4ECC-B819-29298874B297}.Release|Any CPU.ActiveCfg = Release|Any CPU
		{03DC9273-6368-4ECC-B819-29298874B297}.Release|Any CPU.Build.0 = Release|Any CPU
	EndGlobalSection
	GlobalSection(SolutionProperties) = preSolution
		HideSolutionNode = FALSE
	EndGlobalSection
	GlobalSection(ExtensibilityGlobals) = postSolution
		SolutionGuid = {33742AAF-CFF8-48EE-BB1C-04B3153F2BF3}
	EndGlobalSection
EndGlobal
