
Microsoft Visual Studio Solution File, Format Version 12.00
# Visual Studio Version 17
VisualStudioVersion = 17.7.34031.279
MinimumVisualStudioVersion = 10.0.40219.1
Project("{9A19103F-16F7-4668-BE54-9A1E7A4F7556}") = "CalculatorWithC#", "CalculatorWithC#\CalculatorWithC#.csproj", "{03DC9273-6368-4ECC-B819-29298874B297}"
EndProject
Project("{2150E333-8FDC-42A3-9474-1A3956D46DE8}") = "Solution Items", "Solution Items", "{5A3D5EB7-48F4-4271-8425-A713EC6BA0C5}"
	ProjectSection(SolutionItems) = preProject
		Resizer.cs = Resizer.cs
	EndProjectSection
EndProject
Project("{54435603-DBB4-11D2-8724-00A0C9A8B90C}") = "CalculatorWithCSetup", "CalculatorWithC#Setup\CalculatorWithC#Setup.vdproj", "{2FA002EC-35F8-4BFD-BF87-24C5667DC84D}"
EndProject
Global
	GlobalSection(SolutionConfigurationPlatforms) = preSolution
		Debug|Any CPU = Debug|Any CPU
		Release|Any CPU = Release|Any CPU
	EndGlobalSection
	GlobalSection(ProjectConfigurationPlatforms) = postSolution
		{03DC9273-6368-4ECC-B819-29298874B297}.Debug|Any CPU.ActiveCfg = Release|Any CPU
		{03DC9273-6368-4ECC-B819-29298874B297}.Debug|Any CPU.Build.0 = Release|Any CPU
		{03DC9273-6368-4ECC-B819-29298874B297}.Release|Any CPU.ActiveCfg = Release|Any CPU
		{03DC9273-6368-4ECC-B819-29298874B297}.Release|Any CPU.Build.0 = Release|Any CPU
		{2FA002EC-35F8-4BFD-BF87-24C5667DC84D}.Debug|Any CPU.ActiveCfg = Release
		{2FA002EC-35F8-4BFD-BF87-24C5667DC84D}.Release|Any CPU.ActiveCfg = Release
	EndGlobalSection
	GlobalSection(SolutionProperties) = preSolution
		HideSolutionNode = FALSE
	EndGlobalSection
	GlobalSection(ExtensibilityGlobals) = postSolution
		SolutionGuid = {33742AAF-CFF8-48EE-BB1C-04B3153F2BF3}
	EndGlobalSection
EndGlobal
